
Microsoft Visual Studio Solution File, Format Version 12.00
# Visual Studio Version 16
VisualStudioVersion = 16.0.32630.194
MinimumVisualStudioVersion = 10.0.40219.1
Project("{FAE04EC0-301F-11D3-BF4B-00C04F79EFBC}") = "ShoppingProject", "ShoppingProject\ShoppingProject.csproj", "{4C4C1A98-F5CF-4DFB-BCA3-CF2BA38F6CAC}"
EndProject
Global
	GlobalSection(SolutionConfigurationPlatforms) = preSolution
		Debug|Any CPU = Debug|Any CPU
		Release|Any CPU = Release|Any CPU
	EndGlobalSection
	GlobalSection(ProjectConfigurationPlatforms) = postSolution
		{4C4C1A98-F5CF-4DFB-BCA3-CF2BA38F6CAC}.Debug|Any CPU.ActiveCfg = Debug|Any CPU
		{4C4C1A98-F5CF-4DFB-BCA3-CF2BA38F6CAC}.Debug|Any CPU.Build.0 = Debug|Any CPU
		{4C4C1A98-F5CF-4DFB-BCA3-CF2BA38F6CAC}.Release|Any CPU.ActiveCfg = Release|Any CPU
		{4C4C1A98-F5CF-4DFB-BCA3-CF2BA38F6CAC}.Release|Any CPU.Build.0 = Release|Any CPU
	EndGlobalSection
	GlobalSection(SolutionProperties) = preSolution
		HideSolutionNode = FALSE
	EndGlobalSection
	GlobalSection(ExtensibilityGlobals) = postSolution
		SolutionGuid = {C59AC35C-D1CC-465F-9F27-7C90B2CA4727}
	EndGlobalSection
EndGlobal
